
Microsoft Visual Studio Solution File, Format Version 12.00
# Visual Studio Version 16
VisualStudioVersion = 16.0.31424.327
MinimumVisualStudioVersion = 10.0.40219.1
Project("{FAE04EC0-301F-11D3-BF4B-00C04F79EFBC}") = "CarManagementApi", "CarManagementApi.csproj", "{08558BC3-0A9E-4510-9C42-36DAF6043A25}"
EndProject
Global
	GlobalSection(SolutionConfigurationPlatforms) = preSolution
		Debug|Any CPU = Debug|Any CPU
		Release|Any CPU = Release|Any CPU
	EndGlobalSection
	GlobalSection(ProjectConfigurationPlatforms) = postSolution
		{08558BC3-0A9E-4510-9C42-36DAF6043A25}.Debug|Any CPU.ActiveCfg = Debug|Any CPU
		{08558BC3-0A9E-4510-9C42-36DAF6043A25}.Debug|Any CPU.Build.0 = Debug|Any CPU
		{08558BC3-0A9E-4510-9C42-36DAF6043A25}.Release|Any CPU.ActiveCfg = Release|Any CPU
		{08558BC3-0A9E-4510-9C42-36DAF6043A25}.Release|Any CPU.Build.0 = Release|Any CPU
	EndGlobalSection
	GlobalSection(SolutionProperties) = preSolution
		HideSolutionNode = FALSE
	EndGlobalSection
	GlobalSection(ExtensibilityGlobals) = postSolution
		SolutionGuid = {CA4708F6-DE6E-462C-A554-82D1B8B1E2CF}
	EndGlobalSection
EndGlobal
